
Microsoft Visual Studio Solution File, Format Version 12.00
# Visual Studio 15
VisualStudioVersion = 15.0.27428.1
MinimumVisualStudioVersion = 10.0.40219.1
Project("{9A19103F-16F7-4668-BE54-9A1E7A4F7556}") = "RecordMetric", "RecordMetric\RecordMetric.csproj", "{D77E765B-FD55-4FFA-9DA1-CF766F1F589C}"
EndProject
Project("{9A19103F-16F7-4668-BE54-9A1E7A4F7556}") = "RecordMetric.Tests", "RecordMetric.Tests\RecordMetric.Tests.csproj", "{2FA85939-0B6B-4136-AC2A-9F4EDC1280BF}"
EndProject
Global
	GlobalSection(SolutionConfigurationPlatforms) = preSolution
		Debug|Any CPU = Debug|Any CPU
		Release|Any CPU = Release|Any CPU
	EndGlobalSection
	GlobalSection(ProjectConfigurationPlatforms) = postSolution
		{D77E765B-FD55-4FFA-9DA1-CF766F1F589C}.Debug|Any CPU.ActiveCfg = Debug|Any CPU
		{D77E765B-FD55-4FFA-9DA1-CF766F1F589C}.Debug|Any CPU.Build.0 = Debug|Any CPU
		{D77E765B-FD55-4FFA-9DA1-CF766F1F589C}.Release|Any CPU.ActiveCfg = Release|Any CPU
		{D77E765B-FD55-4FFA-9DA1-CF766F1F589C}.Release|Any CPU.Build.0 = Release|Any CPU
		{2FA85939-0B6B-4136-AC2A-9F4EDC1280BF}.Debug|Any CPU.ActiveCfg = Debug|Any CPU
		{2FA85939-0B6B-4136-AC2A-9F4EDC1280BF}.Debug|Any CPU.Build.0 = Debug|Any CPU
		{2FA85939-0B6B-4136-AC2A-9F4EDC1280BF}.Release|Any CPU.ActiveCfg = Release|Any CPU
		{2FA85939-0B6B-4136-AC2A-9F4EDC1280BF}.Release|Any CPU.Build.0 = Release|Any CPU
	EndGlobalSection
	GlobalSection(SolutionProperties) = preSolution
		HideSolutionNode = FALSE
	EndGlobalSection
	GlobalSection(ExtensibilityGlobals) = postSolution
		SolutionGuid = {9ABD119A-608A-47F0-A145-2991958D14CB}
	EndGlobalSection
EndGlobal
